
Microsoft Visual Studio Solution File, Format Version 12.00
# Visual Studio 2012
Project("{FAE04EC0-301F-11D3-BF4B-00C04F79EFBC}") = "Appeaser", "Appeaser\Appeaser.csproj", "{7DF6E70B-E97E-4253-B265-863A112207EA}"
EndProject
Global
	GlobalSection(SolutionConfigurationPlatforms) = preSolution
		Debug|Any CPU = Debug|Any CPU
		Release|Any CPU = Release|Any CPU
	EndGlobalSection
	GlobalSection(ProjectConfigurationPlatforms) = postSolution
		{7DF6E70B-E97E-4253-B265-863A112207EA}.Debug|Any CPU.ActiveCfg = Debug|Any CPU
		{7DF6E70B-E97E-4253-B265-863A112207EA}.Debug|Any CPU.Build.0 = Debug|Any CPU
		{7DF6E70B-E97E-4253-B265-863A112207EA}.Release|Any CPU.ActiveCfg = Release|Any CPU
		{7DF6E70B-E97E-4253-B265-863A112207EA}.Release|Any CPU.Build.0 = Release|Any CPU
	EndGlobalSection
	GlobalSection(SolutionProperties) = preSolution
		HideSolutionNode = FALSE
	EndGlobalSection
EndGlobal
