
Microsoft Visual Studio Solution File, Format Version 12.00
# Visual Studio Version 16
VisualStudioVersion = 16.0.28803.352
MinimumVisualStudioVersion = 10.0.40219.1
Project("{9A19103F-16F7-4668-BE54-9A1E7A4F7556}") = "Appeaser", "Appeaser\Appeaser.csproj", "{7DF6E70B-E97E-4253-B265-863A112207EA}"
EndProject
Project("{9A19103F-16F7-4668-BE54-9A1E7A4F7556}") = "Appeaser.Tests", "Appeaser.Tests\Appeaser.Tests.csproj", "{A41C63E8-60E5-4A4E-837B-E1A2D1AF2EED}"
EndProject
Project("{9A19103F-16F7-4668-BE54-9A1E7A4F7556}") = "Appeaser.Microsoft.DependencyInjection", "Appeaser.Microsoft.DependencyInjection\Appeaser.Microsoft.DependencyInjection.csproj", "{4418F4D3-A5B2-49ED-AB08-9AD4FB0CE642}"
EndProject
Project("{2150E333-8FDC-42A3-9474-1A3956D46DE8}") = "Solution Items", "Solution Items", "{4E33442B-CDFF-4BF9-B4A8-0B2D2C700C32}"
	ProjectSection(SolutionItems) = preProject
		appeaser-microsoft-dependency-injection.yml = appeaser-microsoft-dependency-injection.yml
		appeaser-pipeline.yml = appeaser-pipeline.yml
	EndProjectSection
EndProject
Project("{9A19103F-16F7-4668-BE54-9A1E7A4F7556}") = "Appeaser.Diagnostics", "Appeaser.Diagnostics\Appeaser.Diagnostics.csproj", "{7433277F-ED76-4563-964C-65D0305484E4}"
EndProject
Project("{9A19103F-16F7-4668-BE54-9A1E7A4F7556}") = "Appeaser.Microsoft.ApplicationInsights.AspNetCore", "Appeaser.Microsoft.ApplicationInsights.ApNetCore\Appeaser.Microsoft.ApplicationInsights.AspNetCore.csproj", "{7003A4BB-D84E-4147-AA6E-2FEFA7DA04A1}"
EndProject
Project("{FAE04EC0-301F-11D3-BF4B-00C04F79EFBC}") = "Appeaser.Microsoft.ApplicationInsights", "Appeaser.Microsoft.ApplicationInsights\Appeaser.Microsoft.ApplicationInsights.csproj", "{27D5765A-6B43-4E50-904D-43C1D598F955}"
EndProject
Global
	GlobalSection(SolutionConfigurationPlatforms) = preSolution
		Debug|Any CPU = Debug|Any CPU
		Release|Any CPU = Release|Any CPU
	EndGlobalSection
	GlobalSection(ProjectConfigurationPlatforms) = postSolution
		{7DF6E70B-E97E-4253-B265-863A112207EA}.Debug|Any CPU.ActiveCfg = Debug|Any CPU
		{7DF6E70B-E97E-4253-B265-863A112207EA}.Debug|Any CPU.Build.0 = Debug|Any CPU
		{7DF6E70B-E97E-4253-B265-863A112207EA}.Release|Any CPU.ActiveCfg = Release|Any CPU
		{7DF6E70B-E97E-4253-B265-863A112207EA}.Release|Any CPU.Build.0 = Release|Any CPU
		{A41C63E8-60E5-4A4E-837B-E1A2D1AF2EED}.Debug|Any CPU.ActiveCfg = Debug|Any CPU
		{A41C63E8-60E5-4A4E-837B-E1A2D1AF2EED}.Debug|Any CPU.Build.0 = Debug|Any CPU
		{A41C63E8-60E5-4A4E-837B-E1A2D1AF2EED}.Release|Any CPU.ActiveCfg = Release|Any CPU
		{A41C63E8-60E5-4A4E-837B-E1A2D1AF2EED}.Release|Any CPU.Build.0 = Release|Any CPU
		{4418F4D3-A5B2-49ED-AB08-9AD4FB0CE642}.Debug|Any CPU.ActiveCfg = Debug|Any CPU
		{4418F4D3-A5B2-49ED-AB08-9AD4FB0CE642}.Debug|Any CPU.Build.0 = Debug|Any CPU
		{4418F4D3-A5B2-49ED-AB08-9AD4FB0CE642}.Release|Any CPU.ActiveCfg = Release|Any CPU
		{4418F4D3-A5B2-49ED-AB08-9AD4FB0CE642}.Release|Any CPU.Build.0 = Release|Any CPU
		{7433277F-ED76-4563-964C-65D0305484E4}.Debug|Any CPU.ActiveCfg = Debug|Any CPU
		{7433277F-ED76-4563-964C-65D0305484E4}.Debug|Any CPU.Build.0 = Debug|Any CPU
		{7433277F-ED76-4563-964C-65D0305484E4}.Release|Any CPU.ActiveCfg = Release|Any CPU
		{7433277F-ED76-4563-964C-65D0305484E4}.Release|Any CPU.Build.0 = Release|Any CPU
		{7003A4BB-D84E-4147-AA6E-2FEFA7DA04A1}.Debug|Any CPU.ActiveCfg = Debug|Any CPU
		{7003A4BB-D84E-4147-AA6E-2FEFA7DA04A1}.Debug|Any CPU.Build.0 = Debug|Any CPU
		{7003A4BB-D84E-4147-AA6E-2FEFA7DA04A1}.Release|Any CPU.ActiveCfg = Release|Any CPU
		{7003A4BB-D84E-4147-AA6E-2FEFA7DA04A1}.Release|Any CPU.Build.0 = Release|Any CPU
		{27D5765A-6B43-4E50-904D-43C1D598F955}.Debug|Any CPU.ActiveCfg = Debug|Any CPU
		{27D5765A-6B43-4E50-904D-43C1D598F955}.Debug|Any CPU.Build.0 = Debug|Any CPU
		{27D5765A-6B43-4E50-904D-43C1D598F955}.Release|Any CPU.ActiveCfg = Release|Any CPU
		{27D5765A-6B43-4E50-904D-43C1D598F955}.Release|Any CPU.Build.0 = Release|Any CPU
	EndGlobalSection
	GlobalSection(SolutionProperties) = preSolution
		HideSolutionNode = FALSE
	EndGlobalSection
	GlobalSection(ExtensibilityGlobals) = postSolution
		SolutionGuid = {9AD3C82F-0B24-47AB-9B35-F1B38C6F0808}
	EndGlobalSection
EndGlobal
